
Microsoft Visual Studio Solution File, Format Version 12.00
# Visual Studio Version 17
VisualStudioVersion = 17.14.36518.9 d17.14
MinimumVisualStudioVersion = 10.0.40219.1
Project("{FAE04EC0-301F-11D3-BF4B-00C04F79EFBC}") = "Tyuiu.AndreevIA.Sprint7.Project.V2.Lib", "Tyuiu.AndreevIA.Sprint7.Project.V2.Lib\Tyuiu.AndreevIA.Sprint7.Project.V2.Lib.csproj", "{65DF2F8E-6FB2-49E8-AAC4-1F7770E339D6}"
EndProject
Project("{FAE04EC0-301F-11D3-BF4B-00C04F79EFBC}") = "Tyuiu.AndreevIA.Sprint7.Project.V2.Test", "Tyuiu.AndreevIA.Sprint7.Project.V2.Test\Tyuiu.AndreevIA.Sprint7.Project.V2.Test.csproj", "{524942A6-0E5B-4FDD-B456-D21C601E9E3D}"
EndProject
Project("{FAE04EC0-301F-11D3-BF4B-00C04F79EFBC}") = "Tyuiu.AndreevIA.Sprint7.Project.V2", "Tyuiu.AndreevIA.Sprint7.Project.V2\Tyuiu.AndreevIA.Sprint7.Project.V2.csproj", "{9FA250DF-C334-4B15-AE89-41CF4F528C26}"
EndProject
Global
	GlobalSection(SolutionConfigurationPlatforms) = preSolution
		Debug|Any CPU = Debug|Any CPU
		Release|Any CPU = Release|Any CPU
	EndGlobalSection
	GlobalSection(ProjectConfigurationPlatforms) = postSolution
		{65DF2F8E-6FB2-49E8-AAC4-1F7770E339D6}.Debug|Any CPU.ActiveCfg = Debug|Any CPU
		{65DF2F8E-6FB2-49E8-AAC4-1F7770E339D6}.Debug|Any CPU.Build.0 = Debug|Any CPU
		{65DF2F8E-6FB2-49E8-AAC4-1F7770E339D6}.Release|Any CPU.ActiveCfg = Release|Any CPU
		{65DF2F8E-6FB2-49E8-AAC4-1F7770E339D6}.Release|Any CPU.Build.0 = Release|Any CPU
		{524942A6-0E5B-4FDD-B456-D21C601E9E3D}.Debug|Any CPU.ActiveCfg = Debug|Any CPU
		{524942A6-0E5B-4FDD-B456-D21C601E9E3D}.Debug|Any CPU.Build.0 = Debug|Any CPU
		{524942A6-0E5B-4FDD-B456-D21C601E9E3D}.Release|Any CPU.ActiveCfg = Release|Any CPU
		{524942A6-0E5B-4FDD-B456-D21C601E9E3D}.Release|Any CPU.Build.0 = Release|Any CPU
		{9FA250DF-C334-4B15-AE89-41CF4F528C26}.Debug|Any CPU.ActiveCfg = Debug|Any CPU
		{9FA250DF-C334-4B15-AE89-41CF4F528C26}.Debug|Any CPU.Build.0 = Debug|Any CPU
		{9FA250DF-C334-4B15-AE89-41CF4F528C26}.Release|Any CPU.ActiveCfg = Release|Any CPU
		{9FA250DF-C334-4B15-AE89-41CF4F528C26}.Release|Any CPU.Build.0 = Release|Any CPU
	EndGlobalSection
	GlobalSection(SolutionProperties) = preSolution
		HideSolutionNode = FALSE
	EndGlobalSection
	GlobalSection(ExtensibilityGlobals) = postSolution
		SolutionGuid = {303C74F0-CBE9-4743-9A38-00823321F857}
	EndGlobalSection
EndGlobal
